
Microsoft Visual Studio Solution File, Format Version 12.00
# Visual Studio Version 17
VisualStudioVersion = 17.5.2.0
MinimumVisualStudioVersion = 10.0.40219.1
Project("{2150E333-8FDC-42A3-9474-1A3956D46DE8}") = "test", "test", "{12E796FB-0402-4377-AEE5-696C4E9C2A28}"
EndProject
Project("{FAE04EC0-301F-11D3-BF4B-00C04F79EFBC}") = "TexturizR.Tests", "test\TexturizR.Tests\TexturizR.Tests.csproj", "{9B34D898-DCD4-493A-AACE-DCF1009F5806}"
EndProject
Project("{2150E333-8FDC-42A3-9474-1A3956D46DE8}") = "src", "src", "{DB75DC0E-A1B4-4B8F-9F4E-44958EC410E8}"
EndProject
Project("{FAE04EC0-301F-11D3-BF4B-00C04F79EFBC}") = "TexturizR", "src\TexturizR\TexturizR.csproj", "{3CC6BF15-33B1-41FA-AD55-F9F4CA531879}"
EndProject
Global
	GlobalSection(SolutionConfigurationPlatforms) = preSolution
		Debug|Any CPU = Debug|Any CPU
		Release|Any CPU = Release|Any CPU
	EndGlobalSection
	GlobalSection(ProjectConfigurationPlatforms) = postSolution
		{9B34D898-DCD4-493A-AACE-DCF1009F5806}.Debug|Any CPU.ActiveCfg = Debug|Any CPU
		{9B34D898-DCD4-493A-AACE-DCF1009F5806}.Debug|Any CPU.Build.0 = Debug|Any CPU
		{9B34D898-DCD4-493A-AACE-DCF1009F5806}.Release|Any CPU.ActiveCfg = Release|Any CPU
		{9B34D898-DCD4-493A-AACE-DCF1009F5806}.Release|Any CPU.Build.0 = Release|Any CPU
		{3CC6BF15-33B1-41FA-AD55-F9F4CA531879}.Debug|Any CPU.ActiveCfg = Debug|Any CPU
		{3CC6BF15-33B1-41FA-AD55-F9F4CA531879}.Debug|Any CPU.Build.0 = Debug|Any CPU
		{3CC6BF15-33B1-41FA-AD55-F9F4CA531879}.Release|Any CPU.ActiveCfg = Release|Any CPU
		{3CC6BF15-33B1-41FA-AD55-F9F4CA531879}.Release|Any CPU.Build.0 = Release|Any CPU
	EndGlobalSection
	GlobalSection(SolutionProperties) = preSolution
		HideSolutionNode = FALSE
	EndGlobalSection
	GlobalSection(NestedProjects) = preSolution
		{9B34D898-DCD4-493A-AACE-DCF1009F5806} = {12E796FB-0402-4377-AEE5-696C4E9C2A28}
		{3CC6BF15-33B1-41FA-AD55-F9F4CA531879} = {DB75DC0E-A1B4-4B8F-9F4E-44958EC410E8}
	EndGlobalSection
	GlobalSection(ExtensibilityGlobals) = postSolution
		SolutionGuid = {3F7A3750-E7E9-4C22-AAB6-3908B694F802}
	EndGlobalSection
EndGlobal
